
Microsoft Visual Studio Solution File, Format Version 12.00
# Visual Studio Version 17
VisualStudioVersion = 17.5.002.0
MinimumVisualStudioVersion = 10.0.40219.1
Project("{2150E333-8FDC-42A3-9474-1A3956D46DE8}") = "dotnet", "dotnet", "{BCBA0401-5CD5-4572-9986-E287D997115B}"
EndProject
Project("{9A19103F-16F7-4668-BE54-9A1E7A4F7556}") = "dotnetproject", "dotnet\dotnetproject\dotnetproject.csproj", "{E238C2EE-E543-49F9-9BB6-D9D80514CCC7}"
EndProject
Global
	GlobalSection(SolutionConfigurationPlatforms) = preSolution
		Debug|Any CPU = Debug|Any CPU
		Release|Any CPU = Release|Any CPU
	EndGlobalSection
	GlobalSection(ProjectConfigurationPlatforms) = postSolution
		{E238C2EE-E543-49F9-9BB6-D9D80514CCC7}.Debug|Any CPU.ActiveCfg = Debug|Any CPU
		{E238C2EE-E543-49F9-9BB6-D9D80514CCC7}.Debug|Any CPU.Build.0 = Debug|Any CPU
		{E238C2EE-E543-49F9-9BB6-D9D80514CCC7}.Release|Any CPU.ActiveCfg = Release|Any CPU
		{E238C2EE-E543-49F9-9BB6-D9D80514CCC7}.Release|Any CPU.Build.0 = Release|Any CPU
	EndGlobalSection
	GlobalSection(SolutionProperties) = preSolution
		HideSolutionNode = FALSE
	EndGlobalSection
	GlobalSection(NestedProjects) = preSolution
		{E238C2EE-E543-49F9-9BB6-D9D80514CCC7} = {BCBA0401-5CD5-4572-9986-E287D997115B}
	EndGlobalSection
	GlobalSection(ExtensibilityGlobals) = postSolution
		SolutionGuid = {D9A669FA-EF76-42A9-B611-A29193C18479}
	EndGlobalSection
EndGlobal
